
Microsoft Visual Studio Solution File, Format Version 12.00
# Visual Studio Version 17
VisualStudioVersion = 17.11.35312.102
MinimumVisualStudioVersion = 10.0.40219.1
Project("{FAE04EC0-301F-11D3-BF4B-00C04F79EFBC}") = "foreachwhile", "foreachwhile\foreachwhile.csproj", "{C0DEF2C3-F761-430F-9988-BD3983254219}"
EndProject
Global
	GlobalSection(SolutionConfigurationPlatforms) = preSolution
		Debug|Any CPU = Debug|Any CPU
		Release|Any CPU = Release|Any CPU
	EndGlobalSection
	GlobalSection(ProjectConfigurationPlatforms) = postSolution
		{C0DEF2C3-F761-430F-9988-BD3983254219}.Debug|Any CPU.ActiveCfg = Debug|Any CPU
		{C0DEF2C3-F761-430F-9988-BD3983254219}.Debug|Any CPU.Build.0 = Debug|Any CPU
		{C0DEF2C3-F761-430F-9988-BD3983254219}.Release|Any CPU.ActiveCfg = Release|Any CPU
		{C0DEF2C3-F761-430F-9988-BD3983254219}.Release|Any CPU.Build.0 = Release|Any CPU
	EndGlobalSection
	GlobalSection(SolutionProperties) = preSolution
		HideSolutionNode = FALSE
	EndGlobalSection
	GlobalSection(ExtensibilityGlobals) = postSolution
		SolutionGuid = {740177EB-453E-451C-8A6C-65CB2C52B974}
	EndGlobalSection
EndGlobal
